{
  "nodes": {
    "ansi": {
      "inputs": {
        "nix-systems": [
          "custom-all",
          "shell-utils",
          "nix-systems"
        ],
        "nixpkgs": [
          "custom-all",
          "shell-utils",
          "nixpkgs"
        ]
      },
      "locked": {
        "lastModified": 1,
        "narHash": "sha256-07dnuGmbOsMbvN6qimXaW4qkcVmmZjR7loNuu/Q+xeM=",
        "path": "./ansi",
        "type": "path"
      },
      "original": {
        "path": "./ansi",
        "type": "path"
      }
    },
    "base16": {
      "inputs": {
        "fromYaml": "fromYaml"
      },
      "locked": {
        "lastModified": 1709025227,
        "narHash": "sha256-KXcORItjYJTdEO/BlBd0Uym1Xa3eBu43uvpFiWjJOdY=",
        "owner": "SenchoPens",
        "repo": "base16.nix",
        "rev": "4e9b16c8b44958bc6bf46d99c3bb1b59c9c9c764",
        "type": "github"
      },
      "original": {
        "owner": "SenchoPens",
        "repo": "base16.nix",
        "type": "github"
      }
    },
    "custom-all": {
      "inputs": {
        "dirStack": "dirStack",
        "gen": "gen",
        "nix-systems": [
          "nix-systems"
        ],
        "nixie-clock": "nixie-clock",
        "nixpkgs": [
          "nixpkgs"
        ],
        "note": "note",
        "notify": "notify",
        "rgpt": "rgpt",
        "rust-overlay": [
          "rust-overlay"
        ],
        "shell-utils": "shell-utils",
        "translate": "translate"
      },
      "locked": {
        "lastModified": 1,
        "narHash": "sha256-CHFQQ8OAOnXnkP5l80WmIRjwos8DdaBGPzpS7Zs6pl0=",
        "path": "./custom/all",
        "type": "path"
      },
      "original": {
        "path": "./custom/all",
        "type": "path"
      }
    },
    "custom-darwin": {
      "inputs": {
        "homebrew-manager": "homebrew-manager",
        "mac-util-apps": "mac-util-apps",
        "nixpkgs": [
          "nixpkgs"
        ]
      },
      "locked": {
        "lastModified": 1,
        "narHash": "sha256-R1WTRE0yycGiTJqDtVfvIsi+GZ5xT8bi4FcECYuDttA=",
        "path": "./custom/darwin",
        "type": "path"
      },
      "original": {
        "path": "./custom/darwin",
        "type": "path"
      }
    },
    "custom-linux": {
      "inputs": {
        "nixpkgs": [
          "nixpkgs"
        ]
      },
      "locked": {
        "lastModified": 1,
        "narHash": "sha256-tV/+ZYvttgT7nC8qLHw2yEecMZXKrj0MmSoR+CvH3eA=",
        "path": "./custom/linux",
        "type": "path"
      },
      "original": {
        "path": "./custom/linux",
        "type": "path"
      }
    },
    "dirStack": {
      "inputs": {
        "nix-systems": [
          "custom-all",
          "nix-systems"
        ],
        "nixpkgs": [
          "custom-all",
          "nixpkgs"
        ],
        "rust-overlay": [
          "custom-all",
          "rust-overlay"
        ]
      },
      "locked": {
        "lastModified": 1713488189,
        "narHash": "sha256-H3tdaKYtX8HYS8L/RVstasQ3mkiEE2b9MU7bkgy0qeI=",
        "owner": "NewDawn0",
        "repo": "dirStack",
        "rev": "9474a9b62be9ea5bdcd5dd0318fba8818fa7e856",
        "type": "github"
      },
      "original": {
        "owner": "NewDawn0",
        "repo": "dirStack",
        "type": "github"
      }
    },
    "ex": {
      "inputs": {
        "nix-systems": [
          "custom-all",
          "shell-utils",
          "nix-systems"
        ],
        "nixpkgs": [
          "custom-all",
          "shell-utils",
          "nixpkgs"
        ]
      },
      "locked": {
        "lastModified": 1,
        "narHash": "sha256-XIxloiLt7BFsERL1fivh+DeMigywWJVmxsJGzRYtUhc=",
        "path": "./ex",
        "type": "path"
      },
      "original": {
        "path": "./ex",
        "type": "path"
      }
    },
    "flake-utils": {
      "inputs": {
        "systems": "systems"
      },
      "locked": {
        "lastModified": 1705309234,
        "narHash": "sha256-uNRRNRKmJyCRC/8y1RqBkqWBLM034y4qN7EprSdmgyA=",
        "owner": "numtide",
        "repo": "flake-utils",
        "rev": "1ef2e671c3b0c19053962c07dbda38332dcebf26",
        "type": "github"
      },
      "original": {
        "owner": "numtide",
        "repo": "flake-utils",
        "type": "github"
      }
    },
    "fromYaml": {
      "flake": false,
      "locked": {
        "lastModified": 1689549921,
        "narHash": "sha256-iX0pk/uB019TdBGlaJEWvBCfydT6sRq+eDcGPifVsCM=",
        "owner": "SenchoPens",
        "repo": "fromYaml",
        "rev": "11fbbbfb32e3289d3c631e0134a23854e7865c84",
        "type": "github"
      },
      "original": {
        "owner": "SenchoPens",
        "repo": "fromYaml",
        "type": "github"
      }
    },
    "gen": {
      "inputs": {
        "nix-systems": [
          "custom-all",
          "nix-systems"
        ],
        "nixpkgs": [
          "custom-all",
          "nixpkgs"
        ],
        "rust-overlay": [
          "custom-all",
          "rust-overlay"
        ]
      },
      "locked": {
        "lastModified": 1713494618,
        "narHash": "sha256-0ylDtXsGEb2Rxzlk0F1sP6BXdvb7H/hKicRS5kh8kPQ=",
        "owner": "NewDawn0",
        "repo": "gen",
        "rev": "63b3d6ce743a431f7ffbd707b0f741325fbb12d1",
        "type": "github"
      },
      "original": {
        "owner": "NewDawn0",
        "repo": "gen",
        "type": "github"
      }
    },
    "home-manager": {
      "inputs": {
        "nixpkgs": [
          "nixpkgs"
        ]
      },
      "locked": {
        "lastModified": 1713566308,
        "narHash": "sha256-7Y91t8pheIzjJveUMAPyeh5NOq5F49Nq4Hl2532QpJs=",
        "owner": "nix-community",
        "repo": "home-manager",
        "rev": "057117a401a34259c9615ce62218aea7afdee4d3",
        "type": "github"
      },
      "original": {
        "owner": "nix-community",
        "repo": "home-manager",
        "type": "github"
      }
    },
    "homebrew-manager": {
      "inputs": {
        "nixpkgs": [
          "custom-darwin",
          "nixpkgs"
        ]
      },
      "locked": {
        "lastModified": 1,
        "narHash": "sha256-tgmouij9UZc/BiXjq5qPVlWV3eQjdUiPQAYw3i+/3xM=",
        "path": "./homebrew-manager",
        "type": "path"
      },
      "original": {
        "path": "./homebrew-manager",
        "type": "path"
      }
    },
    "mac-util-apps": {
      "inputs": {
        "nixpkgs": [
          "custom-darwin",
          "nixpkgs"
        ]
      },
      "locked": {
        "lastModified": 1713494577,
        "narHash": "sha256-d2BlpZxzODHyMbEbzBfFWqSoTLZdQMgL/wmupLbnTG4=",
        "owner": "NewDawn0",
        "repo": "mac-apps-archive",
        "rev": "b8f3539c4a0001a52cdcfec2cec71d65603841f1",
        "type": "github"
      },
      "original": {
        "owner": "NewDawn0",
        "repo": "mac-apps-archive",
        "type": "github"
      }
    },
    "nix-darwin": {
      "inputs": {
        "nixpkgs": [
          "nixpkgs"
        ]
      },
      "locked": {
        "lastModified": 1713543876,
        "narHash": "sha256-olEWxacm1xZhAtpq+ZkEyQgR4zgfE7ddpNtZNvubi3g=",
        "owner": "LnL7",
        "repo": "nix-darwin",
        "rev": "9e7c20ffd056e406ddd0276ee9d89f09c5e5f4ed",
        "type": "github"
      },
      "original": {
        "owner": "LnL7",
        "repo": "nix-darwin",
        "type": "github"
      }
    },
    "nix-systems": {
      "locked": {
        "lastModified": 1681028828,
        "narHash": "sha256-Vy1rq5AaRuLzOxct8nz4T6wlgyUR7zLU309k9mBC768=",
        "owner": "nix-systems",
        "repo": "default",
        "rev": "da67096a3b9bf56a91d16901293e51ba5b49a27e",
        "type": "github"
      },
      "original": {
        "owner": "nix-systems",
        "repo": "default",
        "type": "github"
      }
    },
    "nixie-clock": {
      "inputs": {
        "nix-systems": [
          "custom-all",
          "nix-systems"
        ],
        "nixpkgs": [
          "custom-all",
          "nixpkgs"
        ],
        "rust-overlay": [
          "custom-all",
          "rust-overlay"
        ]
      },
      "locked": {
        "lastModified": 1713494609,
        "narHash": "sha256-WkuR+vqpXZ3CcMAvnFSHtssoKkM73C/9VEcyebMjvWg=",
        "owner": "NewDawn0",
        "repo": "nixie-clock",
        "rev": "43d2728d1385d9543baa7b2db10921606167c695",
        "type": "github"
      },
      "original": {
        "owner": "NewDawn0",
        "repo": "nixie-clock",
        "type": "github"
      }
    },
    "nixpkgs": {
      "locked": {
        "lastModified": 1713640519,
        "narHash": "sha256-tkEaQ03Fb2RZaj3/vkfaJh3y+Exg3N61SIWQFsYdzV8=",
        "owner": "nixos",
        "repo": "nixpkgs",
        "rev": "6edf2fc4554fbbea4d21152aa1abc494fe2f36d4",
        "type": "github"
      },
      "original": {
        "owner": "nixos",
        "repo": "nixpkgs",
        "type": "github"
      }
    },
    "nixpkgs-unstable": {
      "locked": {
        "lastModified": 1713537308,
        "narHash": "sha256-XtTSSIB2DA6tOv+l0FhvfDMiyCmhoRbNB+0SeInZkbk=",
        "owner": "nixos",
        "repo": "nixpkgs",
        "rev": "5c24cf2f0a12ad855f444c30b2421d044120c66f",
        "type": "github"
      },
      "original": {
        "owner": "nixos",
        "ref": "nixos-unstable",
        "repo": "nixpkgs",
        "type": "github"
      }
    },
    "nixpkgs_2": {
      "locked": {
        "lastModified": 1706487304,
        "narHash": "sha256-LE8lVX28MV2jWJsidW13D2qrHU/RUUONendL2Q/WlJg=",
        "owner": "NixOS",
        "repo": "nixpkgs",
        "rev": "90f456026d284c22b3e3497be980b2e47d0b28ac",
        "type": "github"
      },
      "original": {
        "owner": "NixOS",
        "ref": "nixpkgs-unstable",
        "repo": "nixpkgs",
        "type": "github"
      }
    },
    "note": {
      "inputs": {
        "nix-systems": [
          "custom-all",
          "nix-systems"
        ],
        "nixpkgs": [
          "custom-all",
          "nixpkgs"
        ]
      },
      "locked": {
        "lastModified": 1713494514,
        "narHash": "sha256-eHI0ZNKh3LeFE0PZN7kyDtI/qUYXh+AAn96plowS5Qo=",
        "owner": "NewDawn0",
        "repo": "note",
        "rev": "1bc7bc2750626cc87b66270cff1ebd0ab704876b",
        "type": "github"
      },
      "original": {
        "owner": "NewDawn0",
        "repo": "note",
        "type": "github"
      }
    },
    "notify": {
      "inputs": {
        "nix-systems": [
          "custom-all",
          "nix-systems"
        ],
        "nixpkgs": [
          "custom-all",
          "nixpkgs"
        ]
      },
      "locked": {
        "lastModified": 1713641318,
        "narHash": "sha256-HwEg0hB+2V6d1tBoXvqN1h4m0Uk/NAl8JrBZzyu+72M=",
        "owner": "NewDawn0",
        "repo": "notify",
        "rev": "bbae6f63f953a25f3f1c90487b3eca6a57b56c61",
        "type": "github"
      },
      "original": {
        "owner": "NewDawn0",
        "repo": "notify",
        "type": "github"
      }
    },
    "rgpt": {
      "inputs": {
        "nix-systems": [
          "custom-all",
          "nix-systems"
        ],
        "nixpkgs": [
          "custom-all",
          "nixpkgs"
        ],
        "rust-overlay": [
          "custom-all",
          "rust-overlay"
        ]
      },
      "locked": {
        "lastModified": 1713494543,
        "narHash": "sha256-EFEozbAYXLMxXsisGlB6vKclTS1PweVstojuDm7NLGA=",
        "owner": "NewDawn0",
        "repo": "rgpt",
        "rev": "bfe2bbebc887bcb4db041e625d4cac6b1767213f",
        "type": "github"
      },
      "original": {
        "owner": "NewDawn0",
        "repo": "rgpt",
        "type": "github"
      }
    },
    "root": {
      "inputs": {
        "base16": "base16",
        "custom-all": "custom-all",
        "custom-darwin": "custom-darwin",
        "custom-linux": "custom-linux",
        "home-manager": "home-manager",
        "nix-darwin": "nix-darwin",
        "nix-systems": "nix-systems",
        "nixpkgs": "nixpkgs",
        "nixpkgs-unstable": "nixpkgs-unstable",
        "rust-overlay": "rust-overlay",
        "tt-schemes": "tt-schemes"
      }
    },
    "rust-overlay": {
      "inputs": {
        "flake-utils": "flake-utils",
        "nixpkgs": "nixpkgs_2"
      },
      "locked": {
        "lastModified": 1713579131,
        "narHash": "sha256-j/lrqFNzm7SdlBlKX43kA2Wp0OaGVOUjQGnER9//4Ao=",
        "owner": "oxalica",
        "repo": "rust-overlay",
        "rev": "67e961704b80454f1ba6595b02e26afc9af4cdce",
        "type": "github"
      },
      "original": {
        "owner": "oxalica",
        "repo": "rust-overlay",
        "type": "github"
      }
    },
    "shell-utils": {
      "inputs": {
        "ansi": "ansi",
        "ex": "ex",
        "nix-systems": [
          "custom-all",
          "nix-systems"
        ],
        "nixpkgs": [
          "custom-all",
          "nixpkgs"
        ],
        "up": "up"
      },
      "locked": {
        "lastModified": 1713496191,
        "narHash": "sha256-DMJZFaYp+XYW2IU1Z89hUXtu+EivtglQIbIvt2awHBw=",
        "owner": "NewDawn0",
        "repo": "shell-utils",
        "rev": "b08569c52708dbd7dd2f5d0d8f2be0529a4d5b90",
        "type": "github"
      },
      "original": {
        "owner": "NewDawn0",
        "repo": "shell-utils",
        "type": "github"
      }
    },
    "systems": {
      "locked": {
        "lastModified": 1681028828,
        "narHash": "sha256-Vy1rq5AaRuLzOxct8nz4T6wlgyUR7zLU309k9mBC768=",
        "owner": "nix-systems",
        "repo": "default",
        "rev": "da67096a3b9bf56a91d16901293e51ba5b49a27e",
        "type": "github"
      },
      "original": {
        "owner": "nix-systems",
        "repo": "default",
        "type": "github"
      }
    },
    "translate": {
      "inputs": {
        "nix-systems": [
          "custom-all",
          "nix-systems"
        ],
        "nixpkgs": [
          "custom-all",
          "nixpkgs"
        ],
        "rust-overlay": [
          "custom-all",
          "rust-overlay"
        ]
      },
      "locked": {
        "lastModified": 1713494567,
        "narHash": "sha256-E4ZnYGezTmHjDsPd+MNb987y3QV00vfkUS/XxaQcLXA=",
        "owner": "NewDawn0",
        "repo": "tl",
        "rev": "8e50ea8c905bc24e1b7121e6ba2ead37138df9e1",
        "type": "github"
      },
      "original": {
        "owner": "NewDawn0",
        "repo": "tl",
        "type": "github"
      }
    },
    "tt-schemes": {
      "flake": false,
      "locked": {
        "lastModified": 1713388094,
        "narHash": "sha256-wcotm0Ek2ISn8iJBzEujJQdcPLKWrPAOZ/dS/DLKafw=",
        "owner": "tinted-theming",
        "repo": "schemes",
        "rev": "abcf2a055ae69f1bf047463332f83db3125aa8a5",
        "type": "github"
      },
      "original": {
        "owner": "tinted-theming",
        "repo": "schemes",
        "type": "github"
      }
    },
    "up": {
      "inputs": {
        "nix-systems": [
          "custom-all",
          "shell-utils",
          "nix-systems"
        ],
        "nixpkgs": [
          "custom-all",
          "shell-utils",
          "nixpkgs"
        ]
      },
      "locked": {
        "lastModified": 1,
        "narHash": "sha256-Tvf/8LN2Gu/YXwDNHn3SaSu40A3ChqJiQwf3PfvYlr4=",
        "path": "./up",
        "type": "path"
      },
      "original": {
        "path": "./up",
        "type": "path"
      }
    }
  },
  "root": "root",
  "version": 7
}
