{
  "nodes": {
    "ansi": {
      "inputs": {
        "nix-systems": [
          "custom-all",
          "nix-systems"
        ],
        "nixpkgs": [
          "custom-all",
          "nixpkgs"
        ]
      },
      "locked": {
        "lastModified": 1,
        "narHash": "sha256-lwTq4A+oKxWrtY2ZETjwfnJVXvZFiwjhC3sxGzMFlfM=",
        "path": "./ansi",
        "type": "path"
      },
      "original": {
        "path": "./ansi",
        "type": "path"
      }
    },
    "base16": {
      "inputs": {
        "fromYaml": "fromYaml"
      },
      "locked": {
        "lastModified": 1709025227,
        "narHash": "sha256-KXcORItjYJTdEO/BlBd0Uym1Xa3eBu43uvpFiWjJOdY=",
        "owner": "SenchoPens",
        "repo": "base16.nix",
        "rev": "4e9b16c8b44958bc6bf46d99c3bb1b59c9c9c764",
        "type": "github"
      },
      "original": {
        "owner": "SenchoPens",
        "repo": "base16.nix",
        "type": "github"
      }
    },
    "custom-all": {
      "inputs": {
        "ansi": "ansi",
        "ds": "ds",
        "ex": "ex",
        "gen": "gen",
        "nix-systems": [
          "nix-systems"
        ],
        "nixie-clock": "nixie-clock",
        "nixpkgs": [
          "nixpkgs"
        ],
        "note": "note",
        "rgpt": "rgpt",
        "rust-overlay": [
          "rust-overlay"
        ],
        "translate": "translate",
        "up": "up"
      },
      "locked": {
        "lastModified": 1,
        "narHash": "sha256-nzPGhATL9CkhS3nNVLJFPSUh3t+euzfM6bQJzb79HWE=",
        "path": "./custom/all",
        "type": "path"
      },
      "original": {
        "path": "./custom/all",
        "type": "path"
      }
    },
    "custom-darwin": {
      "inputs": {
        "homebrew-manager": "homebrew-manager",
        "mac-util-apps": "mac-util-apps",
        "nixpkgs": "nixpkgs"
      },
      "locked": {
        "lastModified": 1,
        "narHash": "sha256-551GpULtztxw44XZ1VE1APwTxbprhb+4vpJtqwS4Hy0=",
        "path": "./custom/darwin",
        "type": "path"
      },
      "original": {
        "path": "./custom/darwin",
        "type": "path"
      }
    },
    "custom-linux": {
      "inputs": {
        "nixpkgs": "nixpkgs_2"
      },
      "locked": {
        "lastModified": 1,
        "narHash": "sha256-4eQBn0i0ZdZhB9qcdr03lijCspldFRMQdr8CFSqS6Qw=",
        "path": "./custom/linux",
        "type": "path"
      },
      "original": {
        "path": "./custom/linux",
        "type": "path"
      }
    },
    "ds": {
      "inputs": {
        "nix-systems": [
          "custom-all",
          "nix-systems"
        ],
        "nixpkgs": [
          "custom-all",
          "nixpkgs"
        ],
        "rust-overlay": [
          "custom-all",
          "rust-overlay"
        ]
      },
      "locked": {
        "lastModified": 1,
        "narHash": "sha256-mRnnkjJejPvV1XwSm85bGkF8XmZPS/xis+niwkhpUk0=",
        "path": "./ds",
        "type": "path"
      },
      "original": {
        "path": "./ds",
        "type": "path"
      }
    },
    "ex": {
      "inputs": {
        "nix-systems": [
          "custom-all",
          "nix-systems"
        ],
        "nixpkgs": [
          "custom-all",
          "nixpkgs"
        ]
      },
      "locked": {
        "lastModified": 1,
        "narHash": "sha256-BAhwEPvMCy/T+FSmCYpp5J37dLg5V50hFyinefkf5WU=",
        "path": "./ex",
        "type": "path"
      },
      "original": {
        "path": "./ex",
        "type": "path"
      }
    },
    "flake-utils": {
      "inputs": {
        "systems": "systems"
      },
      "locked": {
        "lastModified": 1705309234,
        "narHash": "sha256-uNRRNRKmJyCRC/8y1RqBkqWBLM034y4qN7EprSdmgyA=",
        "owner": "numtide",
        "repo": "flake-utils",
        "rev": "1ef2e671c3b0c19053962c07dbda38332dcebf26",
        "type": "github"
      },
      "original": {
        "owner": "numtide",
        "repo": "flake-utils",
        "type": "github"
      }
    },
    "fromYaml": {
      "flake": false,
      "locked": {
        "lastModified": 1689549921,
        "narHash": "sha256-iX0pk/uB019TdBGlaJEWvBCfydT6sRq+eDcGPifVsCM=",
        "owner": "SenchoPens",
        "repo": "fromYaml",
        "rev": "11fbbbfb32e3289d3c631e0134a23854e7865c84",
        "type": "github"
      },
      "original": {
        "owner": "SenchoPens",
        "repo": "fromYaml",
        "type": "github"
      }
    },
    "gen": {
      "inputs": {
        "nix-systems": [
          "custom-all",
          "nix-systems"
        ],
        "nixpkgs": [
          "custom-all",
          "nixpkgs"
        ],
        "rust-overlay": [
          "custom-all",
          "rust-overlay"
        ]
      },
      "locked": {
        "lastModified": 1,
        "narHash": "sha256-9BTb+J7rdXZpbBPQj3QjG+0seqHjUCg4xeEVAmaUMPU=",
        "path": "./gen",
        "type": "path"
      },
      "original": {
        "path": "./gen",
        "type": "path"
      }
    },
    "home-manager": {
      "inputs": {
        "nixpkgs": [
          "nixpkgs"
        ]
      },
      "locked": {
        "lastModified": 1712759992,
        "narHash": "sha256-2APpO3ZW4idlgtlb8hB04u/rmIcKA8O7pYqxF66xbNY=",
        "owner": "nix-community",
        "repo": "home-manager",
        "rev": "31357486b0ef6f4e161e002b6893eeb4fafc3ca9",
        "type": "github"
      },
      "original": {
        "owner": "nix-community",
        "repo": "home-manager",
        "type": "github"
      }
    },
    "homebrew-manager": {
      "inputs": {
        "nixpkgs": [
          "custom-darwin",
          "nixpkgs"
        ]
      },
      "locked": {
        "lastModified": 1,
        "narHash": "sha256-+BmM6cvmiEHVKYeLMqed3ykz8NswLCLlynHpsyCNdEs=",
        "path": "./homebrew-manager",
        "type": "path"
      },
      "original": {
        "path": "./homebrew-manager",
        "type": "path"
      }
    },
    "mac-util-apps": {
      "inputs": {
        "nixpkgs": [
          "custom-darwin",
          "nixpkgs"
        ]
      },
      "locked": {
        "lastModified": 1,
        "narHash": "sha256-e1tHVAV9/mxXEJaAmZd1BTl6wbNwrU8FPChV5hJb6No=",
        "path": "./mac-util-apps",
        "type": "path"
      },
      "original": {
        "path": "./mac-util-apps",
        "type": "path"
      }
    },
    "nix-darwin": {
      "inputs": {
        "nixpkgs": [
          "nixpkgs"
        ]
      },
      "locked": {
        "lastModified": 1711763326,
        "narHash": "sha256-sXcesZWKXFlEQ8oyGHnfk4xc9f2Ip0X/+YZOq3sKviI=",
        "owner": "LnL7",
        "repo": "nix-darwin",
        "rev": "36524adc31566655f2f4d55ad6b875fb5c1a4083",
        "type": "github"
      },
      "original": {
        "owner": "LnL7",
        "repo": "nix-darwin",
        "type": "github"
      }
    },
    "nix-systems": {
      "locked": {
        "lastModified": 1681028828,
        "narHash": "sha256-Vy1rq5AaRuLzOxct8nz4T6wlgyUR7zLU309k9mBC768=",
        "owner": "nix-systems",
        "repo": "default",
        "rev": "da67096a3b9bf56a91d16901293e51ba5b49a27e",
        "type": "github"
      },
      "original": {
        "owner": "nix-systems",
        "repo": "default",
        "type": "github"
      }
    },
    "nixie-clock": {
      "inputs": {
        "nix-systems": [
          "custom-all",
          "nix-systems"
        ],
        "nixpkgs": [
          "custom-all",
          "nixpkgs"
        ],
        "rust-overlay": [
          "custom-all",
          "rust-overlay"
        ]
      },
      "locked": {
        "lastModified": 1,
        "narHash": "sha256-rUt9FA3IlDA4I+hqcd0Z1bkGa2FJhq9odI5eRFJx/5k=",
        "path": "./nixie-clock",
        "type": "path"
      },
      "original": {
        "path": "./nixie-clock",
        "type": "path"
      }
    },
    "nixpkgs": {
      "locked": {
        "lastModified": 1712794296,
        "narHash": "sha256-TiBGXiFZ24x30LYvV+SbqfdkeQxeJK9Fxtx7dDmlJEI=",
        "owner": "nixos",
        "repo": "nixpkgs",
        "rev": "34d3520673acbc81d5cb4fa1c878dd8ed275502b",
        "type": "github"
      },
      "original": {
        "owner": "nixos",
        "repo": "nixpkgs",
        "type": "github"
      }
    },
    "nixpkgs-unstable": {
      "locked": {
        "lastModified": 1712608508,
        "narHash": "sha256-vMZ5603yU0wxgyQeHJryOI+O61yrX2AHwY6LOFyV1gM=",
        "owner": "nixos",
        "repo": "nixpkgs",
        "rev": "4cba8b53da471aea2ab2b0c1f30a81e7c451f4b6",
        "type": "github"
      },
      "original": {
        "owner": "nixos",
        "ref": "nixos-unstable",
        "repo": "nixpkgs",
        "type": "github"
      }
    },
    "nixpkgs_2": {
      "locked": {
        "lastModified": 1712794296,
        "narHash": "sha256-TiBGXiFZ24x30LYvV+SbqfdkeQxeJK9Fxtx7dDmlJEI=",
        "owner": "nixos",
        "repo": "nixpkgs",
        "rev": "34d3520673acbc81d5cb4fa1c878dd8ed275502b",
        "type": "github"
      },
      "original": {
        "owner": "nixos",
        "repo": "nixpkgs",
        "type": "github"
      }
    },
    "nixpkgs_3": {
      "locked": {
        "lastModified": 1712794296,
        "narHash": "sha256-TiBGXiFZ24x30LYvV+SbqfdkeQxeJK9Fxtx7dDmlJEI=",
        "owner": "nixos",
        "repo": "nixpkgs",
        "rev": "34d3520673acbc81d5cb4fa1c878dd8ed275502b",
        "type": "github"
      },
      "original": {
        "owner": "nixos",
        "repo": "nixpkgs",
        "type": "github"
      }
    },
    "nixpkgs_4": {
      "locked": {
        "lastModified": 1706487304,
        "narHash": "sha256-LE8lVX28MV2jWJsidW13D2qrHU/RUUONendL2Q/WlJg=",
        "owner": "NixOS",
        "repo": "nixpkgs",
        "rev": "90f456026d284c22b3e3497be980b2e47d0b28ac",
        "type": "github"
      },
      "original": {
        "owner": "NixOS",
        "ref": "nixpkgs-unstable",
        "repo": "nixpkgs",
        "type": "github"
      }
    },
    "note": {
      "inputs": {
        "nix-systems": [
          "custom-all",
          "nix-systems"
        ],
        "nixpkgs": [
          "custom-all",
          "nixpkgs"
        ]
      },
      "locked": {
        "lastModified": 1,
        "narHash": "sha256-kHQq9WlD2MQTI5iyp/IREPrzy0sICINHrlR47Nh6F9U=",
        "path": "./note",
        "type": "path"
      },
      "original": {
        "path": "./note",
        "type": "path"
      }
    },
    "rgpt": {
      "inputs": {
        "nix-systems": [
          "custom-all",
          "nix-systems"
        ],
        "nixpkgs": [
          "custom-all",
          "nixpkgs"
        ],
        "rust-overlay": [
          "custom-all",
          "rust-overlay"
        ]
      },
      "locked": {
        "lastModified": 1,
        "narHash": "sha256-cQSz3eg0h7PDN++EdF9vL34h6w1DtLweEs5/wcB/3TU=",
        "path": "./rgpt",
        "type": "path"
      },
      "original": {
        "path": "./rgpt",
        "type": "path"
      }
    },
    "root": {
      "inputs": {
        "base16": "base16",
        "custom-all": "custom-all",
        "custom-darwin": "custom-darwin",
        "custom-linux": "custom-linux",
        "home-manager": "home-manager",
        "nix-darwin": "nix-darwin",
        "nix-systems": "nix-systems",
        "nixpkgs": "nixpkgs_3",
        "nixpkgs-unstable": "nixpkgs-unstable",
        "rust-overlay": "rust-overlay",
        "tt-schemes": "tt-schemes"
      }
    },
    "rust-overlay": {
      "inputs": {
        "flake-utils": "flake-utils",
        "nixpkgs": "nixpkgs_4"
      },
      "locked": {
        "lastModified": 1712715149,
        "narHash": "sha256-uOx7GaLV+5hekAYtm/CBr627Pi7+d1Yh70hwKmVjYYo=",
        "owner": "oxalica",
        "repo": "rust-overlay",
        "rev": "9ef1eca23bee5fb8080863909af3802130b2ee57",
        "type": "github"
      },
      "original": {
        "owner": "oxalica",
        "repo": "rust-overlay",
        "type": "github"
      }
    },
    "systems": {
      "locked": {
        "lastModified": 1681028828,
        "narHash": "sha256-Vy1rq5AaRuLzOxct8nz4T6wlgyUR7zLU309k9mBC768=",
        "owner": "nix-systems",
        "repo": "default",
        "rev": "da67096a3b9bf56a91d16901293e51ba5b49a27e",
        "type": "github"
      },
      "original": {
        "owner": "nix-systems",
        "repo": "default",
        "type": "github"
      }
    },
    "translate": {
      "inputs": {
        "nix-systems": [
          "custom-all",
          "nix-systems"
        ],
        "nixpkgs": [
          "custom-all",
          "nixpkgs"
        ],
        "rust-overlay": [
          "custom-all",
          "rust-overlay"
        ]
      },
      "locked": {
        "lastModified": 1,
        "narHash": "sha256-xZ4VwjouYiG4yxijvNIv48KLqC33caSJ24URXjm7iks=",
        "path": "./translate",
        "type": "path"
      },
      "original": {
        "path": "./translate",
        "type": "path"
      }
    },
    "tt-schemes": {
      "flake": false,
      "locked": {
        "lastModified": 1711968179,
        "narHash": "sha256-GVWlbE7bTkViMUO19elwkDn/yEnU4aqdbfo0++qz934=",
        "owner": "tinted-theming",
        "repo": "schemes",
        "rev": "029612d89298647338b2bfb8867d0f5c5c6140f1",
        "type": "github"
      },
      "original": {
        "owner": "tinted-theming",
        "repo": "schemes",
        "type": "github"
      }
    },
    "up": {
      "inputs": {
        "nix-systems": [
          "custom-all",
          "nix-systems"
        ],
        "nixpkgs": [
          "custom-all",
          "nixpkgs"
        ]
      },
      "locked": {
        "lastModified": 1,
        "narHash": "sha256-xQw8lR1l5joTcEKDhZYp8iXMvvJtT38ci2yUrTJPPfE=",
        "path": "./up",
        "type": "path"
      },
      "original": {
        "path": "./up",
        "type": "path"
      }
    }
  },
  "root": "root",
  "version": 7
}
