{
  "nodes": {
    "ansi": {
      "inputs": {
        "nix-systems": [
          "custom-all",
          "shell-utils",
          "nix-systems"
        ],
        "nixpkgs": [
          "custom-all",
          "shell-utils",
          "nixpkgs"
        ]
      },
      "locked": {
        "lastModified": 1,
        "narHash": "sha256-07dnuGmbOsMbvN6qimXaW4qkcVmmZjR7loNuu/Q+xeM=",
        "path": "./ansi",
        "type": "path"
      },
      "original": {
        "path": "./ansi",
        "type": "path"
      }
    },
    "base16": {
      "inputs": {
        "fromYaml": "fromYaml"
      },
      "locked": {
        "lastModified": 1709025227,
        "narHash": "sha256-KXcORItjYJTdEO/BlBd0Uym1Xa3eBu43uvpFiWjJOdY=",
        "owner": "SenchoPens",
        "repo": "base16.nix",
        "rev": "4e9b16c8b44958bc6bf46d99c3bb1b59c9c9c764",
        "type": "github"
      },
      "original": {
        "owner": "SenchoPens",
        "repo": "base16.nix",
        "type": "github"
      }
    },
    "custom-all": {
      "inputs": {
        "dirStack": "dirStack",
        "gen": "gen",
        "nix-systems": [
          "nix-systems"
        ],
        "nixie-clock": "nixie-clock",
        "nixpkgs": [
          "nixpkgs"
        ],
        "note": "note",
        "notify": "notify",
        "rgpt": "rgpt",
        "rust-overlay": [
          "rust-overlay"
        ],
        "shell-utils": "shell-utils",
        "translate": "translate"
      },
      "locked": {
        "lastModified": 1,
        "narHash": "sha256-nqZeI/UviK/JGSyXkh5p3cGAO7ROlyAlVjzV7ayFd1k=",
        "path": "./custom/all",
        "type": "path"
      },
      "original": {
        "path": "./custom/all",
        "type": "path"
      }
    },
    "custom-darwin": {
      "inputs": {
        "homebrew-manager": "homebrew-manager",
        "mac-util-apps": "mac-util-apps",
        "nixpkgs": [
          "nixpkgs"
        ]
      },
      "locked": {
        "lastModified": 1,
        "narHash": "sha256-kraCd7NLQRk5XPp5GcyGMPU3gLfG99CkugfTZe0p6CA=",
        "path": "./custom/darwin",
        "type": "path"
      },
      "original": {
        "path": "./custom/darwin",
        "type": "path"
      }
    },
    "custom-linux": {
      "inputs": {
        "nixpkgs": [
          "nixpkgs"
        ]
      },
      "locked": {
        "lastModified": 1,
        "narHash": "sha256-U9Rtb7IvpiVzfAqy+TLk113Gbfl3vNA/BQxIZCqXAaM=",
        "path": "./custom/linux",
        "type": "path"
      },
      "original": {
        "path": "./custom/linux",
        "type": "path"
      }
    },
    "dirStack": {
      "inputs": {
        "nix-systems": [
          "custom-all",
          "nix-systems"
        ],
        "nixpkgs": [
          "custom-all",
          "nixpkgs"
        ],
        "rust-overlay": [
          "custom-all",
          "rust-overlay"
        ]
      },
      "locked": {
        "lastModified": 1713996488,
        "narHash": "sha256-M+NuOI02rLrAUqJB99eNNP/8gA4mgBJZ8HJmJOcfl34=",
        "owner": "NewDawn0",
        "repo": "dirStack",
        "rev": "4b97b18eb96b37077ef9fb901ab4c5126d5dcee2",
        "type": "github"
      },
      "original": {
        "owner": "NewDawn0",
        "repo": "dirStack",
        "type": "github"
      }
    },
    "ex": {
      "inputs": {
        "nix-systems": [
          "custom-all",
          "shell-utils",
          "nix-systems"
        ],
        "nixpkgs": [
          "custom-all",
          "shell-utils",
          "nixpkgs"
        ]
      },
      "locked": {
        "lastModified": 1,
        "narHash": "sha256-XIxloiLt7BFsERL1fivh+DeMigywWJVmxsJGzRYtUhc=",
        "path": "./ex",
        "type": "path"
      },
      "original": {
        "path": "./ex",
        "type": "path"
      }
    },
    "flake-utils": {
      "inputs": {
        "systems": "systems"
      },
      "locked": {
        "lastModified": 1705309234,
        "narHash": "sha256-uNRRNRKmJyCRC/8y1RqBkqWBLM034y4qN7EprSdmgyA=",
        "owner": "numtide",
        "repo": "flake-utils",
        "rev": "1ef2e671c3b0c19053962c07dbda38332dcebf26",
        "type": "github"
      },
      "original": {
        "owner": "numtide",
        "repo": "flake-utils",
        "type": "github"
      }
    },
    "fromYaml": {
      "flake": false,
      "locked": {
        "lastModified": 1689549921,
        "narHash": "sha256-iX0pk/uB019TdBGlaJEWvBCfydT6sRq+eDcGPifVsCM=",
        "owner": "SenchoPens",
        "repo": "fromYaml",
        "rev": "11fbbbfb32e3289d3c631e0134a23854e7865c84",
        "type": "github"
      },
      "original": {
        "owner": "SenchoPens",
        "repo": "fromYaml",
        "type": "github"
      }
    },
    "gen": {
      "inputs": {
        "nix-systems": [
          "custom-all",
          "nix-systems"
        ],
        "nixpkgs": [
          "custom-all",
          "nixpkgs"
        ],
        "rust-overlay": [
          "custom-all",
          "rust-overlay"
        ]
      },
      "locked": {
        "lastModified": 1713996479,
        "narHash": "sha256-0upKrld/YsuOixe214MBn9TwssE7qxiL+CmubD5j2Wc=",
        "owner": "NewDawn0",
        "repo": "gen",
        "rev": "d35de209bccc42888b8c70b58e17754b4fe0c7dd",
        "type": "github"
      },
      "original": {
        "owner": "NewDawn0",
        "repo": "gen",
        "type": "github"
      }
    },
    "home-manager": {
      "inputs": {
        "nixpkgs": [
          "nixpkgs"
        ]
      },
      "locked": {
        "lastModified": 1713992342,
        "narHash": "sha256-bW7K4WPo6jhYMo4ZUGoJfog6xJV0XZh8adXqZKunRoc=",
        "owner": "nix-community",
        "repo": "home-manager",
        "rev": "2f072c127c041eec36621b8e38a531fe0fe07961",
        "type": "github"
      },
      "original": {
        "owner": "nix-community",
        "repo": "home-manager",
        "type": "github"
      }
    },
    "homebrew-manager": {
      "inputs": {
        "nixpkgs": [
          "custom-darwin",
          "nixpkgs"
        ]
      },
      "locked": {
        "lastModified": 1,
        "narHash": "sha256-fH0im6vvU1WsUPAUdyYNPEbCowUjgZzg86ndv85x+hc=",
        "path": "./homebrew-manager",
        "type": "path"
      },
      "original": {
        "path": "./homebrew-manager",
        "type": "path"
      }
    },
    "mac-util-apps": {
      "inputs": {
        "nixpkgs": [
          "custom-darwin",
          "nixpkgs"
        ]
      },
      "locked": {
        "lastModified": 1713996499,
        "narHash": "sha256-+8U1+OogY6VE47J8ID8xc7IGWsV5nfc7Ftq+kfFPbks=",
        "owner": "NewDawn0",
        "repo": "mac-apps-archive",
        "rev": "d215bd8e09b1928c30c70ad76ad52c2f0392e84b",
        "type": "github"
      },
      "original": {
        "owner": "NewDawn0",
        "repo": "mac-apps-archive",
        "type": "github"
      }
    },
    "nix-darwin": {
      "inputs": {
        "nixpkgs": [
          "nixpkgs"
        ]
      },
      "locked": {
        "lastModified": 1713946171,
        "narHash": "sha256-lc75rgRQLdp4Dzogv5cfqOg6qYc5Rp83oedF2t0kDp8=",
        "owner": "LnL7",
        "repo": "nix-darwin",
        "rev": "230a197063de9287128e2c68a7a4b0cd7d0b50a7",
        "type": "github"
      },
      "original": {
        "owner": "LnL7",
        "repo": "nix-darwin",
        "type": "github"
      }
    },
    "nix-systems": {
      "locked": {
        "lastModified": 1681028828,
        "narHash": "sha256-Vy1rq5AaRuLzOxct8nz4T6wlgyUR7zLU309k9mBC768=",
        "owner": "nix-systems",
        "repo": "default",
        "rev": "da67096a3b9bf56a91d16901293e51ba5b49a27e",
        "type": "github"
      },
      "original": {
        "owner": "nix-systems",
        "repo": "default",
        "type": "github"
      }
    },
    "nixie-clock": {
      "inputs": {
        "nix-systems": [
          "custom-all",
          "nix-systems"
        ],
        "nixpkgs": [
          "custom-all",
          "nixpkgs"
        ],
        "rust-overlay": [
          "custom-all",
          "rust-overlay"
        ]
      },
      "locked": {
        "lastModified": 1713996505,
        "narHash": "sha256-Qz+5P3FUkQN5jlG5n4W3N3xNGlG91D/o7lQeAYGhUs4=",
        "owner": "NewDawn0",
        "repo": "nixie-clock",
        "rev": "cf3730958c6f349b7af3b818dba0c2eea4460246",
        "type": "github"
      },
      "original": {
        "owner": "NewDawn0",
        "repo": "nixie-clock",
        "type": "github"
      }
    },
    "nixpkgs": {
      "locked": {
        "lastModified": 1713995654,
        "narHash": "sha256-S+4C0H9w7H9tSv1RviD/otsTmf1ECuxJMJ/j1t9gjPE=",
        "owner": "nixos",
        "repo": "nixpkgs",
        "rev": "ce6da85c2dc9e659bef799c2ed053771e1bb8ee3",
        "type": "github"
      },
      "original": {
        "owner": "nixos",
        "repo": "nixpkgs",
        "type": "github"
      }
    },
    "nixpkgs-unstable": {
      "locked": {
        "lastModified": 1713895582,
        "narHash": "sha256-cfh1hi+6muQMbi9acOlju3V1gl8BEaZBXBR9jQfQi4U=",
        "owner": "nixos",
        "repo": "nixpkgs",
        "rev": "572af610f6151fd41c212f897c71f7056e3fb518",
        "type": "github"
      },
      "original": {
        "owner": "nixos",
        "ref": "nixos-unstable",
        "repo": "nixpkgs",
        "type": "github"
      }
    },
    "nixpkgs_2": {
      "locked": {
        "lastModified": 1706487304,
        "narHash": "sha256-LE8lVX28MV2jWJsidW13D2qrHU/RUUONendL2Q/WlJg=",
        "owner": "NixOS",
        "repo": "nixpkgs",
        "rev": "90f456026d284c22b3e3497be980b2e47d0b28ac",
        "type": "github"
      },
      "original": {
        "owner": "NixOS",
        "ref": "nixpkgs-unstable",
        "repo": "nixpkgs",
        "type": "github"
      }
    },
    "note": {
      "inputs": {
        "nix-systems": [
          "custom-all",
          "nix-systems"
        ],
        "nixpkgs": [
          "custom-all",
          "nixpkgs"
        ]
      },
      "locked": {
        "lastModified": 1713996435,
        "narHash": "sha256-A4dXw4REKoicxdpZ+iJP+6sc6NAYyGNyuRMBIa4CHrY=",
        "owner": "NewDawn0",
        "repo": "note",
        "rev": "cf6da72d19ae8d9340c22e8af32ff436d814ad91",
        "type": "github"
      },
      "original": {
        "owner": "NewDawn0",
        "repo": "note",
        "type": "github"
      }
    },
    "notify": {
      "inputs": {
        "nix-systems": [
          "custom-all",
          "nix-systems"
        ],
        "nixpkgs": [
          "custom-all",
          "nixpkgs"
        ]
      },
      "locked": {
        "lastModified": 1713996523,
        "narHash": "sha256-caEh6AXNj+db2cu5eg/YdqqyfzjcuSLNQVu/MypbQJ0=",
        "owner": "NewDawn0",
        "repo": "notify",
        "rev": "eeece30e41f968cb2ed1b79466026f2f5dab5233",
        "type": "github"
      },
      "original": {
        "owner": "NewDawn0",
        "repo": "notify",
        "type": "github"
      }
    },
    "rgpt": {
      "inputs": {
        "nix-systems": [
          "custom-all",
          "nix-systems"
        ],
        "nixpkgs": [
          "custom-all",
          "nixpkgs"
        ],
        "rust-overlay": [
          "custom-all",
          "rust-overlay"
        ]
      },
      "locked": {
        "lastModified": 1713996456,
        "narHash": "sha256-0sB2bZndnepWdNpVa0PRvc4iyENk9LD6hPRl9ED7i2g=",
        "owner": "NewDawn0",
        "repo": "rgpt",
        "rev": "37c4bdcae09bc362a21ad923833396ad223593d9",
        "type": "github"
      },
      "original": {
        "owner": "NewDawn0",
        "repo": "rgpt",
        "type": "github"
      }
    },
    "root": {
      "inputs": {
        "base16": "base16",
        "custom-all": "custom-all",
        "custom-darwin": "custom-darwin",
        "custom-linux": "custom-linux",
        "home-manager": "home-manager",
        "nix-darwin": "nix-darwin",
        "nix-systems": "nix-systems",
        "nixpkgs": "nixpkgs",
        "nixpkgs-unstable": "nixpkgs-unstable",
        "rust-overlay": "rust-overlay",
        "tt-schemes": "tt-schemes"
      }
    },
    "rust-overlay": {
      "inputs": {
        "flake-utils": "flake-utils",
        "nixpkgs": "nixpkgs_2"
      },
      "locked": {
        "lastModified": 1713924823,
        "narHash": "sha256-kOeyS3GFwgnKvzuBMmFqEAX0xwZ7Nj4/5tXuvpZ0d4U=",
        "owner": "oxalica",
        "repo": "rust-overlay",
        "rev": "8a2edac3ae926a2a6ce60f4595dcc4540fc8cad4",
        "type": "github"
      },
      "original": {
        "owner": "oxalica",
        "repo": "rust-overlay",
        "type": "github"
      }
    },
    "shell-utils": {
      "inputs": {
        "ansi": "ansi",
        "ex": "ex",
        "nix-systems": [
          "custom-all",
          "nix-systems"
        ],
        "nixpkgs": [
          "custom-all",
          "nixpkgs"
        ],
        "up": "up"
      },
      "locked": {
        "lastModified": 1713996463,
        "narHash": "sha256-kmNF20YseduvshYWjKgvj4BvwSIXt3hs1El7q9aiWLQ=",
        "owner": "NewDawn0",
        "repo": "shell-utils",
        "rev": "73175ec0dcfab199d6688c2838d66efca4eebfbc",
        "type": "github"
      },
      "original": {
        "owner": "NewDawn0",
        "repo": "shell-utils",
        "type": "github"
      }
    },
    "systems": {
      "locked": {
        "lastModified": 1681028828,
        "narHash": "sha256-Vy1rq5AaRuLzOxct8nz4T6wlgyUR7zLU309k9mBC768=",
        "owner": "nix-systems",
        "repo": "default",
        "rev": "da67096a3b9bf56a91d16901293e51ba5b49a27e",
        "type": "github"
      },
      "original": {
        "owner": "nix-systems",
        "repo": "default",
        "type": "github"
      }
    },
    "translate": {
      "inputs": {
        "nix-systems": [
          "custom-all",
          "nix-systems"
        ],
        "nixpkgs": [
          "custom-all",
          "nixpkgs"
        ],
        "rust-overlay": [
          "custom-all",
          "rust-overlay"
        ]
      },
      "locked": {
        "lastModified": 1713996546,
        "narHash": "sha256-FCeTeaQe3z3pX+h7VHkTFoW/7IeTlGfapQao/RyrMuQ=",
        "owner": "NewDawn0",
        "repo": "tl",
        "rev": "b4d7a947b34d1da2385e6b108d072876c6ea18d8",
        "type": "github"
      },
      "original": {
        "owner": "NewDawn0",
        "repo": "tl",
        "type": "github"
      }
    },
    "tt-schemes": {
      "flake": false,
      "locked": {
        "lastModified": 1713388094,
        "narHash": "sha256-wcotm0Ek2ISn8iJBzEujJQdcPLKWrPAOZ/dS/DLKafw=",
        "owner": "tinted-theming",
        "repo": "schemes",
        "rev": "abcf2a055ae69f1bf047463332f83db3125aa8a5",
        "type": "github"
      },
      "original": {
        "owner": "tinted-theming",
        "repo": "schemes",
        "type": "github"
      }
    },
    "up": {
      "inputs": {
        "nix-systems": [
          "custom-all",
          "shell-utils",
          "nix-systems"
        ],
        "nixpkgs": [
          "custom-all",
          "shell-utils",
          "nixpkgs"
        ]
      },
      "locked": {
        "lastModified": 1,
        "narHash": "sha256-Tvf/8LN2Gu/YXwDNHn3SaSu40A3ChqJiQwf3PfvYlr4=",
        "path": "./up",
        "type": "path"
      },
      "original": {
        "path": "./up",
        "type": "path"
      }
    }
  },
  "root": "root",
  "version": 7
}
