{
  "nodes": {
    "homebrew-manager": {
      "inputs": {
        "nixpkgs": [
          "nixpkgs"
        ]
      },
      "locked": {
        "lastModified": 1,
        "narHash": "sha256-5+vp1StxvITUw6ueGkBn+aveKxDKHBx1sq8Wl827F6Y=",
        "path": "./homebrew-manager",
        "type": "path"
      },
      "original": {
        "path": "./homebrew-manager",
        "type": "path"
      }
    },
    "mac-util-apps": {
      "inputs": {
        "nixpkgs": [
          "nixpkgs"
        ]
      },
      "locked": {
        "lastModified": 1713486325,
        "narHash": "sha256-1swPPp2vZupnF2rXgmtoKWbd+/5BJteJCM48abOTtMI=",
        "owner": "NewDawn0",
        "repo": "mac-apps-archive",
        "rev": "553c103c85cab82f7d3dc5b6ee36f12b5ee56d8c",
        "type": "github"
      },
      "original": {
        "owner": "NewDawn0",
        "repo": "mac-apps-archive",
        "type": "github"
      }
    },
    "nixpkgs": {
      "locked": {
        "lastModified": 1713489661,
        "narHash": "sha256-tmM0ye1L3lOZiwdZgndlHE8UE9F4E8RhNnT8DZa0P2w=",
        "owner": "nixos",
        "repo": "nixpkgs",
        "rev": "3d06f73179401bcce967c5a5b54cc7005cb26348",
        "type": "github"
      },
      "original": {
        "owner": "nixos",
        "repo": "nixpkgs",
        "type": "github"
      }
    },
    "root": {
      "inputs": {
        "homebrew-manager": "homebrew-manager",
        "mac-util-apps": "mac-util-apps",
        "nixpkgs": "nixpkgs"
      }
    }
  },
  "root": "root",
  "version": 7
}
