{
  "nodes": {
    "homebrew-manager": {
      "inputs": {
        "nixpkgs": [
          "nixpkgs"
        ]
      },
      "locked": {
        "lastModified": 1,
        "narHash": "sha256-fH0im6vvU1WsUPAUdyYNPEbCowUjgZzg86ndv85x+hc=",
        "path": "./homebrew-manager",
        "type": "path"
      },
      "original": {
        "path": "./homebrew-manager",
        "type": "path"
      }
    },
    "mac-util-apps": {
      "inputs": {
        "nixpkgs": [
          "nixpkgs"
        ]
      },
      "locked": {
        "lastModified": 1713996499,
        "narHash": "sha256-+8U1+OogY6VE47J8ID8xc7IGWsV5nfc7Ftq+kfFPbks=",
        "owner": "NewDawn0",
        "repo": "mac-apps-archive",
        "rev": "d215bd8e09b1928c30c70ad76ad52c2f0392e84b",
        "type": "github"
      },
      "original": {
        "owner": "NewDawn0",
        "repo": "mac-apps-archive",
        "type": "github"
      }
    },
    "nixpkgs": {
      "locked": {
        "lastModified": 1713995654,
        "narHash": "sha256-S+4C0H9w7H9tSv1RviD/otsTmf1ECuxJMJ/j1t9gjPE=",
        "owner": "nixos",
        "repo": "nixpkgs",
        "rev": "ce6da85c2dc9e659bef799c2ed053771e1bb8ee3",
        "type": "github"
      },
      "original": {
        "owner": "nixos",
        "repo": "nixpkgs",
        "type": "github"
      }
    },
    "root": {
      "inputs": {
        "homebrew-manager": "homebrew-manager",
        "mac-util-apps": "mac-util-apps",
        "nixpkgs": "nixpkgs"
      }
    }
  },
  "root": "root",
  "version": 7
}
