{
  "nodes": {
    "homebrew-manager": {
      "inputs": {
        "nixpkgs": [
          "nixpkgs"
        ]
      },
      "locked": {
        "lastModified": 1,
        "narHash": "sha256-38oKhzy/vHN8xlvErIV+e81fo5bXsbvdDZOYdNtq5jo=",
        "path": "./homebrew-manager",
        "type": "path"
      },
      "original": {
        "path": "./homebrew-manager",
        "type": "path"
      }
    },
    "mac-util-apps": {
      "inputs": {
        "nixpkgs": [
          "nixpkgs"
        ]
      },
      "locked": {
        "lastModified": 1713494577,
        "narHash": "sha256-d2BlpZxzODHyMbEbzBfFWqSoTLZdQMgL/wmupLbnTG4=",
        "owner": "NewDawn0",
        "repo": "mac-apps-archive",
        "rev": "b8f3539c4a0001a52cdcfec2cec71d65603841f1",
        "type": "github"
      },
      "original": {
        "owner": "NewDawn0",
        "repo": "mac-apps-archive",
        "type": "github"
      }
    },
    "nixpkgs": {
      "locked": {
        "lastModified": 1713489661,
        "narHash": "sha256-tmM0ye1L3lOZiwdZgndlHE8UE9F4E8RhNnT8DZa0P2w=",
        "owner": "nixos",
        "repo": "nixpkgs",
        "rev": "3d06f73179401bcce967c5a5b54cc7005cb26348",
        "type": "github"
      },
      "original": {
        "owner": "nixos",
        "repo": "nixpkgs",
        "type": "github"
      }
    },
    "root": {
      "inputs": {
        "homebrew-manager": "homebrew-manager",
        "mac-util-apps": "mac-util-apps",
        "nixpkgs": "nixpkgs"
      }
    }
  },
  "root": "root",
  "version": 7
}
