{
  "nodes": {
    "ansi": {
      "inputs": {
        "nix-systems": [
          "shell-utils",
          "nix-systems"
        ],
        "nixpkgs": [
          "shell-utils",
          "nixpkgs"
        ]
      },
      "locked": {
        "lastModified": 1,
        "narHash": "sha256-07dnuGmbOsMbvN6qimXaW4qkcVmmZjR7loNuu/Q+xeM=",
        "path": "./ansi",
        "type": "path"
      },
      "original": {
        "path": "./ansi",
        "type": "path"
      }
    },
    "dirStack": {
      "inputs": {
        "nix-systems": [
          "nix-systems"
        ],
        "nixpkgs": [
          "nixpkgs"
        ],
        "rust-overlay": [
          "rust-overlay"
        ]
      },
      "locked": {
        "lastModified": 1713488189,
        "narHash": "sha256-H3tdaKYtX8HYS8L/RVstasQ3mkiEE2b9MU7bkgy0qeI=",
        "owner": "NewDawn0",
        "repo": "dirStack",
        "rev": "9474a9b62be9ea5bdcd5dd0318fba8818fa7e856",
        "type": "github"
      },
      "original": {
        "owner": "NewDawn0",
        "repo": "dirStack",
        "type": "github"
      }
    },
    "ex": {
      "inputs": {
        "nix-systems": [
          "shell-utils",
          "nix-systems"
        ],
        "nixpkgs": [
          "shell-utils",
          "nixpkgs"
        ]
      },
      "locked": {
        "lastModified": 1,
        "narHash": "sha256-XIxloiLt7BFsERL1fivh+DeMigywWJVmxsJGzRYtUhc=",
        "path": "./ex",
        "type": "path"
      },
      "original": {
        "path": "./ex",
        "type": "path"
      }
    },
    "flake-utils": {
      "inputs": {
        "systems": "systems"
      },
      "locked": {
        "lastModified": 1705309234,
        "narHash": "sha256-uNRRNRKmJyCRC/8y1RqBkqWBLM034y4qN7EprSdmgyA=",
        "owner": "numtide",
        "repo": "flake-utils",
        "rev": "1ef2e671c3b0c19053962c07dbda38332dcebf26",
        "type": "github"
      },
      "original": {
        "owner": "numtide",
        "repo": "flake-utils",
        "type": "github"
      }
    },
    "gen": {
      "inputs": {
        "nix-systems": [
          "nix-systems"
        ],
        "nixpkgs": [
          "nixpkgs"
        ],
        "rust-overlay": [
          "rust-overlay"
        ]
      },
      "locked": {
        "lastModified": 1713494618,
        "narHash": "sha256-0ylDtXsGEb2Rxzlk0F1sP6BXdvb7H/hKicRS5kh8kPQ=",
        "owner": "NewDawn0",
        "repo": "gen",
        "rev": "63b3d6ce743a431f7ffbd707b0f741325fbb12d1",
        "type": "github"
      },
      "original": {
        "owner": "NewDawn0",
        "repo": "gen",
        "type": "github"
      }
    },
    "nix-systems": {
      "locked": {
        "lastModified": 1681028828,
        "narHash": "sha256-Vy1rq5AaRuLzOxct8nz4T6wlgyUR7zLU309k9mBC768=",
        "owner": "nix-systems",
        "repo": "default",
        "rev": "da67096a3b9bf56a91d16901293e51ba5b49a27e",
        "type": "github"
      },
      "original": {
        "owner": "nix-systems",
        "repo": "default",
        "type": "github"
      }
    },
    "nixie-clock": {
      "inputs": {
        "nix-systems": [
          "nix-systems"
        ],
        "nixpkgs": [
          "nixpkgs"
        ],
        "rust-overlay": [
          "rust-overlay"
        ]
      },
      "locked": {
        "lastModified": 1713494609,
        "narHash": "sha256-WkuR+vqpXZ3CcMAvnFSHtssoKkM73C/9VEcyebMjvWg=",
        "owner": "NewDawn0",
        "repo": "nixie-clock",
        "rev": "43d2728d1385d9543baa7b2db10921606167c695",
        "type": "github"
      },
      "original": {
        "owner": "NewDawn0",
        "repo": "nixie-clock",
        "type": "github"
      }
    },
    "nixpkgs": {
      "locked": {
        "lastModified": 1713489661,
        "narHash": "sha256-tmM0ye1L3lOZiwdZgndlHE8UE9F4E8RhNnT8DZa0P2w=",
        "owner": "nixos",
        "repo": "nixpkgs",
        "rev": "3d06f73179401bcce967c5a5b54cc7005cb26348",
        "type": "github"
      },
      "original": {
        "owner": "nixos",
        "repo": "nixpkgs",
        "type": "github"
      }
    },
    "nixpkgs_2": {
      "locked": {
        "lastModified": 1706487304,
        "narHash": "sha256-LE8lVX28MV2jWJsidW13D2qrHU/RUUONendL2Q/WlJg=",
        "owner": "NixOS",
        "repo": "nixpkgs",
        "rev": "90f456026d284c22b3e3497be980b2e47d0b28ac",
        "type": "github"
      },
      "original": {
        "owner": "NixOS",
        "ref": "nixpkgs-unstable",
        "repo": "nixpkgs",
        "type": "github"
      }
    },
    "note": {
      "inputs": {
        "nix-systems": [
          "nix-systems"
        ],
        "nixpkgs": [
          "nixpkgs"
        ]
      },
      "locked": {
        "lastModified": 1713494514,
        "narHash": "sha256-eHI0ZNKh3LeFE0PZN7kyDtI/qUYXh+AAn96plowS5Qo=",
        "owner": "NewDawn0",
        "repo": "note",
        "rev": "1bc7bc2750626cc87b66270cff1ebd0ab704876b",
        "type": "github"
      },
      "original": {
        "owner": "NewDawn0",
        "repo": "note",
        "type": "github"
      }
    },
    "rgpt": {
      "inputs": {
        "nix-systems": [
          "nix-systems"
        ],
        "nixpkgs": [
          "nixpkgs"
        ],
        "rust-overlay": [
          "rust-overlay"
        ]
      },
      "locked": {
        "lastModified": 1713494543,
        "narHash": "sha256-EFEozbAYXLMxXsisGlB6vKclTS1PweVstojuDm7NLGA=",
        "owner": "NewDawn0",
        "repo": "rgpt",
        "rev": "bfe2bbebc887bcb4db041e625d4cac6b1767213f",
        "type": "github"
      },
      "original": {
        "owner": "NewDawn0",
        "repo": "rgpt",
        "type": "github"
      }
    },
    "root": {
      "inputs": {
        "dirStack": "dirStack",
        "gen": "gen",
        "nix-systems": "nix-systems",
        "nixie-clock": "nixie-clock",
        "nixpkgs": "nixpkgs",
        "note": "note",
        "rgpt": "rgpt",
        "rust-overlay": "rust-overlay",
        "shell-utils": "shell-utils",
        "translate": "translate"
      }
    },
    "rust-overlay": {
      "inputs": {
        "flake-utils": "flake-utils",
        "nixpkgs": "nixpkgs_2"
      },
      "locked": {
        "lastModified": 1713492869,
        "narHash": "sha256-Zv+ZQq3X+EH6oogkXaJ8dGN8t1v26kPZgC5bki04GnM=",
        "owner": "oxalica",
        "repo": "rust-overlay",
        "rev": "1e9264d1214d3db00c795b41f75d55b5e153758e",
        "type": "github"
      },
      "original": {
        "owner": "oxalica",
        "repo": "rust-overlay",
        "type": "github"
      }
    },
    "shell-utils": {
      "inputs": {
        "ansi": "ansi",
        "ex": "ex",
        "nix-systems": [
          "nix-systems"
        ],
        "nixpkgs": [
          "nixpkgs"
        ],
        "up": "up"
      },
      "locked": {
        "lastModified": 1713496191,
        "narHash": "sha256-DMJZFaYp+XYW2IU1Z89hUXtu+EivtglQIbIvt2awHBw=",
        "owner": "NewDawn0",
        "repo": "shell-utils",
        "rev": "b08569c52708dbd7dd2f5d0d8f2be0529a4d5b90",
        "type": "github"
      },
      "original": {
        "owner": "NewDawn0",
        "repo": "shell-utils",
        "type": "github"
      }
    },
    "systems": {
      "locked": {
        "lastModified": 1681028828,
        "narHash": "sha256-Vy1rq5AaRuLzOxct8nz4T6wlgyUR7zLU309k9mBC768=",
        "owner": "nix-systems",
        "repo": "default",
        "rev": "da67096a3b9bf56a91d16901293e51ba5b49a27e",
        "type": "github"
      },
      "original": {
        "owner": "nix-systems",
        "repo": "default",
        "type": "github"
      }
    },
    "translate": {
      "inputs": {
        "nix-systems": [
          "nix-systems"
        ],
        "nixpkgs": [
          "nixpkgs"
        ],
        "rust-overlay": [
          "rust-overlay"
        ]
      },
      "locked": {
        "lastModified": 1713494567,
        "narHash": "sha256-E4ZnYGezTmHjDsPd+MNb987y3QV00vfkUS/XxaQcLXA=",
        "owner": "NewDawn0",
        "repo": "tl",
        "rev": "8e50ea8c905bc24e1b7121e6ba2ead37138df9e1",
        "type": "github"
      },
      "original": {
        "owner": "NewDawn0",
        "repo": "tl",
        "type": "github"
      }
    },
    "up": {
      "inputs": {
        "nix-systems": [
          "shell-utils",
          "nix-systems"
        ],
        "nixpkgs": [
          "shell-utils",
          "nixpkgs"
        ]
      },
      "locked": {
        "lastModified": 1,
        "narHash": "sha256-Tvf/8LN2Gu/YXwDNHn3SaSu40A3ChqJiQwf3PfvYlr4=",
        "path": "./up",
        "type": "path"
      },
      "original": {
        "path": "./up",
        "type": "path"
      }
    }
  },
  "root": "root",
  "version": 7
}
