{
  "nodes": {
    "ansi": {
      "inputs": {
        "nix-systems": [
          "shell-utils",
          "nix-systems"
        ],
        "nixpkgs": [
          "shell-utils",
          "nixpkgs"
        ]
      },
      "locked": {
        "lastModified": 1,
        "narHash": "sha256-BxaQlhoa9nB057P8XTSwKgrbQpjCMEeTSMAhGhxKWtM=",
        "path": "./ansi",
        "type": "path"
      },
      "original": {
        "path": "./ansi",
        "type": "path"
      }
    },
    "dirStack": {
      "inputs": {
        "nix-systems": [
          "nix-systems"
        ],
        "nixpkgs": [
          "nixpkgs"
        ],
        "rust-overlay": [
          "rust-overlay"
        ]
      },
      "locked": {
        "lastModified": 1713488189,
        "narHash": "sha256-H3tdaKYtX8HYS8L/RVstasQ3mkiEE2b9MU7bkgy0qeI=",
        "owner": "NewDawn0",
        "repo": "dirStack",
        "rev": "9474a9b62be9ea5bdcd5dd0318fba8818fa7e856",
        "type": "github"
      },
      "original": {
        "owner": "NewDawn0",
        "repo": "dirStack",
        "type": "github"
      }
    },
    "ex": {
      "inputs": {
        "nix-systems": [
          "shell-utils",
          "nix-systems"
        ],
        "nixpkgs": [
          "shell-utils",
          "nixpkgs"
        ]
      },
      "locked": {
        "lastModified": 1,
        "narHash": "sha256-jmyOwZQK5AxogS+wpbHwlWgz4PcWjuklKBBD9BOK9AY=",
        "path": "./ex",
        "type": "path"
      },
      "original": {
        "path": "./ex",
        "type": "path"
      }
    },
    "flake-utils": {
      "inputs": {
        "systems": "systems"
      },
      "locked": {
        "lastModified": 1705309234,
        "narHash": "sha256-uNRRNRKmJyCRC/8y1RqBkqWBLM034y4qN7EprSdmgyA=",
        "owner": "numtide",
        "repo": "flake-utils",
        "rev": "1ef2e671c3b0c19053962c07dbda38332dcebf26",
        "type": "github"
      },
      "original": {
        "owner": "numtide",
        "repo": "flake-utils",
        "type": "github"
      }
    },
    "gen": {
      "inputs": {
        "nix-systems": [
          "nix-systems"
        ],
        "nixpkgs": [
          "nixpkgs"
        ],
        "rust-overlay": [
          "rust-overlay"
        ]
      },
      "locked": {
        "lastModified": 1713482227,
        "narHash": "sha256-rUVsbTxOQMlUw96sXUFXmJH1H4CoH5BuLZ4f/nEM8gI=",
        "owner": "NewDawn0",
        "repo": "gen",
        "rev": "0bf865c18747f85ef24010ee14e12c5853158099",
        "type": "github"
      },
      "original": {
        "owner": "NewDawn0",
        "repo": "gen",
        "type": "github"
      }
    },
    "nix-systems": {
      "locked": {
        "lastModified": 1681028828,
        "narHash": "sha256-Vy1rq5AaRuLzOxct8nz4T6wlgyUR7zLU309k9mBC768=",
        "owner": "nix-systems",
        "repo": "default",
        "rev": "da67096a3b9bf56a91d16901293e51ba5b49a27e",
        "type": "github"
      },
      "original": {
        "owner": "nix-systems",
        "repo": "default",
        "type": "github"
      }
    },
    "nixie-clock": {
      "inputs": {
        "nix-systems": [
          "nix-systems"
        ],
        "nixpkgs": [
          "nixpkgs"
        ],
        "rust-overlay": [
          "rust-overlay"
        ]
      },
      "locked": {
        "lastModified": 1713483679,
        "narHash": "sha256-j48tXGTOKfbuvv2OIsJAQhHoFKUF3SwtJFd1QNzXVPU=",
        "owner": "NewDawn0",
        "repo": "nixie-clock",
        "rev": "d0612f2acfbae1538a59f32025cae59363ac649c",
        "type": "github"
      },
      "original": {
        "owner": "NewDawn0",
        "repo": "nixie-clock",
        "type": "github"
      }
    },
    "nixpkgs": {
      "locked": {
        "lastModified": 1713489661,
        "narHash": "sha256-tmM0ye1L3lOZiwdZgndlHE8UE9F4E8RhNnT8DZa0P2w=",
        "owner": "nixos",
        "repo": "nixpkgs",
        "rev": "3d06f73179401bcce967c5a5b54cc7005cb26348",
        "type": "github"
      },
      "original": {
        "owner": "nixos",
        "repo": "nixpkgs",
        "type": "github"
      }
    },
    "nixpkgs_2": {
      "locked": {
        "lastModified": 1706487304,
        "narHash": "sha256-LE8lVX28MV2jWJsidW13D2qrHU/RUUONendL2Q/WlJg=",
        "owner": "NixOS",
        "repo": "nixpkgs",
        "rev": "90f456026d284c22b3e3497be980b2e47d0b28ac",
        "type": "github"
      },
      "original": {
        "owner": "NixOS",
        "ref": "nixpkgs-unstable",
        "repo": "nixpkgs",
        "type": "github"
      }
    },
    "note": {
      "inputs": {
        "nix-systems": [
          "nix-systems"
        ],
        "nixpkgs": [
          "nixpkgs"
        ]
      },
      "locked": {
        "lastModified": 1713486211,
        "narHash": "sha256-I0sONwb900agDgqcU9bhwTD1VcGt+NIKJwso1tRvvRk=",
        "owner": "NewDawn0",
        "repo": "note",
        "rev": "8ca1ceef6518001aba39a50e9e38d75b3be7cd4e",
        "type": "github"
      },
      "original": {
        "owner": "NewDawn0",
        "repo": "note",
        "type": "github"
      }
    },
    "rgpt": {
      "inputs": {
        "nix-systems": [
          "nix-systems"
        ],
        "nixpkgs": [
          "nixpkgs"
        ],
        "rust-overlay": [
          "rust-overlay"
        ]
      },
      "locked": {
        "lastModified": 1713482355,
        "narHash": "sha256-tQb3o5V0/GYe+o0aFmZKS35iG8EPNMV03LKfy870Ftg=",
        "owner": "NewDawn0",
        "repo": "rgpt",
        "rev": "bec2dc60a1613924459026b2695111f7e3d0eb87",
        "type": "github"
      },
      "original": {
        "owner": "NewDawn0",
        "repo": "rgpt",
        "type": "github"
      }
    },
    "root": {
      "inputs": {
        "dirStack": "dirStack",
        "gen": "gen",
        "nix-systems": "nix-systems",
        "nixie-clock": "nixie-clock",
        "nixpkgs": "nixpkgs",
        "note": "note",
        "rgpt": "rgpt",
        "rust-overlay": "rust-overlay",
        "shell-utils": "shell-utils",
        "translate": "translate"
      }
    },
    "rust-overlay": {
      "inputs": {
        "flake-utils": "flake-utils",
        "nixpkgs": "nixpkgs_2"
      },
      "locked": {
        "lastModified": 1713406362,
        "narHash": "sha256-85f70DM03RWqzahxXChSWcbnUYAKYBDBvyQ4P+kXVBk=",
        "owner": "oxalica",
        "repo": "rust-overlay",
        "rev": "05a4f1b28ee59f589c8a0ad877741de3c3bf894d",
        "type": "github"
      },
      "original": {
        "owner": "oxalica",
        "repo": "rust-overlay",
        "type": "github"
      }
    },
    "shell-utils": {
      "inputs": {
        "ansi": "ansi",
        "ex": "ex",
        "nix-systems": [
          "nix-systems"
        ],
        "nixpkgs": [
          "nixpkgs"
        ],
        "up": "up"
      },
      "locked": {
        "lastModified": 1713492196,
        "narHash": "sha256-Ni1VJIo5sCxXJOIj0XvUV4/kkOwbPsVyCiMiu9PM8uw=",
        "owner": "NewDawn0",
        "repo": "shell-utils",
        "rev": "08eeba406ffa1a0cbec73f97a6d646774a631c1a",
        "type": "github"
      },
      "original": {
        "owner": "NewDawn0",
        "repo": "shell-utils",
        "type": "github"
      }
    },
    "systems": {
      "locked": {
        "lastModified": 1681028828,
        "narHash": "sha256-Vy1rq5AaRuLzOxct8nz4T6wlgyUR7zLU309k9mBC768=",
        "owner": "nix-systems",
        "repo": "default",
        "rev": "da67096a3b9bf56a91d16901293e51ba5b49a27e",
        "type": "github"
      },
      "original": {
        "owner": "nix-systems",
        "repo": "default",
        "type": "github"
      }
    },
    "translate": {
      "inputs": {
        "nix-systems": [
          "nix-systems"
        ],
        "nixpkgs": [
          "nixpkgs"
        ],
        "rust-overlay": [
          "rust-overlay"
        ]
      },
      "locked": {
        "lastModified": 1713482794,
        "narHash": "sha256-eyTd877P9Q8NvuYrF94ncVjqhmLQ1oLvBUlRyPiKzoI=",
        "owner": "NewDawn0",
        "repo": "tl",
        "rev": "3bb5cc26c1545c2de1b813b7841046a847d7892d",
        "type": "github"
      },
      "original": {
        "owner": "NewDawn0",
        "repo": "tl",
        "type": "github"
      }
    },
    "up": {
      "inputs": {
        "nix-systems": [
          "shell-utils",
          "nix-systems"
        ],
        "nixpkgs": [
          "shell-utils",
          "nixpkgs"
        ]
      },
      "locked": {
        "lastModified": 1,
        "narHash": "sha256-mb2aN99NtKfjs4YpjMJS/TtxCorfjGeS0dRcPqwCLyY=",
        "path": "./up",
        "type": "path"
      },
      "original": {
        "path": "./up",
        "type": "path"
      }
    }
  },
  "root": "root",
  "version": 7
}
