{
  "nodes": {
    "ansi": {
      "inputs": {
        "nix-systems": [
          "shell-utils",
          "nix-systems"
        ],
        "nixpkgs": [
          "shell-utils",
          "nixpkgs"
        ]
      },
      "locked": {
        "lastModified": 1,
        "narHash": "sha256-3ra3MWXeRjKM2PK0+jRmjeCMtaQ9V7TKBiceJJutM48=",
        "path": "./ansi",
        "type": "path"
      },
      "original": {
        "path": "./ansi",
        "type": "path"
      }
    },
    "dirStack": {
      "inputs": {
        "nix-systems": [
          "nix-systems"
        ],
        "nixpkgs": [
          "nixpkgs"
        ],
        "rust-overlay": [
          "rust-overlay"
        ]
      },
      "locked": {
        "lastModified": 1713996488,
        "narHash": "sha256-M+NuOI02rLrAUqJB99eNNP/8gA4mgBJZ8HJmJOcfl34=",
        "owner": "NewDawn0",
        "repo": "dirStack",
        "rev": "4b97b18eb96b37077ef9fb901ab4c5126d5dcee2",
        "type": "github"
      },
      "original": {
        "owner": "NewDawn0",
        "repo": "dirStack",
        "type": "github"
      }
    },
    "ex": {
      "inputs": {
        "nix-systems": [
          "shell-utils",
          "nix-systems"
        ],
        "nixpkgs": [
          "shell-utils",
          "nixpkgs"
        ]
      },
      "locked": {
        "lastModified": 1,
        "narHash": "sha256-LmmKDE6zwyi33eLNCNsDBSMifNp7q0HgCroyoksK7uM=",
        "path": "./ex",
        "type": "path"
      },
      "original": {
        "path": "./ex",
        "type": "path"
      }
    },
    "flake-utils": {
      "inputs": {
        "systems": "systems"
      },
      "locked": {
        "lastModified": 1705309234,
        "narHash": "sha256-uNRRNRKmJyCRC/8y1RqBkqWBLM034y4qN7EprSdmgyA=",
        "owner": "numtide",
        "repo": "flake-utils",
        "rev": "1ef2e671c3b0c19053962c07dbda38332dcebf26",
        "type": "github"
      },
      "original": {
        "owner": "numtide",
        "repo": "flake-utils",
        "type": "github"
      }
    },
    "gen": {
      "inputs": {
        "nix-systems": [
          "nix-systems"
        ],
        "nixpkgs": [
          "nixpkgs"
        ],
        "rust-overlay": [
          "rust-overlay"
        ]
      },
      "locked": {
        "lastModified": 1713996479,
        "narHash": "sha256-0upKrld/YsuOixe214MBn9TwssE7qxiL+CmubD5j2Wc=",
        "owner": "NewDawn0",
        "repo": "gen",
        "rev": "d35de209bccc42888b8c70b58e17754b4fe0c7dd",
        "type": "github"
      },
      "original": {
        "owner": "NewDawn0",
        "repo": "gen",
        "type": "github"
      }
    },
    "nix-systems": {
      "locked": {
        "lastModified": 1681028828,
        "narHash": "sha256-Vy1rq5AaRuLzOxct8nz4T6wlgyUR7zLU309k9mBC768=",
        "owner": "nix-systems",
        "repo": "default",
        "rev": "da67096a3b9bf56a91d16901293e51ba5b49a27e",
        "type": "github"
      },
      "original": {
        "owner": "nix-systems",
        "repo": "default",
        "type": "github"
      }
    },
    "nixie-clock": {
      "inputs": {
        "nix-systems": [
          "nix-systems"
        ],
        "nixpkgs": [
          "nixpkgs"
        ],
        "rust-overlay": [
          "rust-overlay"
        ]
      },
      "locked": {
        "lastModified": 1713996505,
        "narHash": "sha256-Qz+5P3FUkQN5jlG5n4W3N3xNGlG91D/o7lQeAYGhUs4=",
        "owner": "NewDawn0",
        "repo": "nixie-clock",
        "rev": "cf3730958c6f349b7af3b818dba0c2eea4460246",
        "type": "github"
      },
      "original": {
        "owner": "NewDawn0",
        "repo": "nixie-clock",
        "type": "github"
      }
    },
    "nixpkgs": {
      "locked": {
        "lastModified": 1714601396,
        "narHash": "sha256-NIoYkSroPu3c8o5ZF1CtTD6zGuFmCC2SaZDGYPseAWQ=",
        "owner": "nixos",
        "repo": "nixpkgs",
        "rev": "8937b370727c9f8030a66449ab3ad0f9b5309069",
        "type": "github"
      },
      "original": {
        "owner": "nixos",
        "repo": "nixpkgs",
        "type": "github"
      }
    },
    "nixpkgs_2": {
      "locked": {
        "lastModified": 1706487304,
        "narHash": "sha256-LE8lVX28MV2jWJsidW13D2qrHU/RUUONendL2Q/WlJg=",
        "owner": "NixOS",
        "repo": "nixpkgs",
        "rev": "90f456026d284c22b3e3497be980b2e47d0b28ac",
        "type": "github"
      },
      "original": {
        "owner": "NixOS",
        "ref": "nixpkgs-unstable",
        "repo": "nixpkgs",
        "type": "github"
      }
    },
    "note": {
      "inputs": {
        "nix-systems": [
          "nix-systems"
        ],
        "nixpkgs": [
          "nixpkgs"
        ]
      },
      "locked": {
        "lastModified": 1713996435,
        "narHash": "sha256-A4dXw4REKoicxdpZ+iJP+6sc6NAYyGNyuRMBIa4CHrY=",
        "owner": "NewDawn0",
        "repo": "note",
        "rev": "cf6da72d19ae8d9340c22e8af32ff436d814ad91",
        "type": "github"
      },
      "original": {
        "owner": "NewDawn0",
        "repo": "note",
        "type": "github"
      }
    },
    "notify": {
      "inputs": {
        "nix-systems": [
          "nix-systems"
        ],
        "nixpkgs": [
          "nixpkgs"
        ]
      },
      "locked": {
        "lastModified": 1713996523,
        "narHash": "sha256-caEh6AXNj+db2cu5eg/YdqqyfzjcuSLNQVu/MypbQJ0=",
        "owner": "NewDawn0",
        "repo": "notify",
        "rev": "eeece30e41f968cb2ed1b79466026f2f5dab5233",
        "type": "github"
      },
      "original": {
        "owner": "NewDawn0",
        "repo": "notify",
        "type": "github"
      }
    },
    "rgpt": {
      "inputs": {
        "nix-systems": [
          "nix-systems"
        ],
        "nixpkgs": [
          "nixpkgs"
        ],
        "rust-overlay": [
          "rust-overlay"
        ]
      },
      "locked": {
        "lastModified": 1713996456,
        "narHash": "sha256-0sB2bZndnepWdNpVa0PRvc4iyENk9LD6hPRl9ED7i2g=",
        "owner": "NewDawn0",
        "repo": "rgpt",
        "rev": "37c4bdcae09bc362a21ad923833396ad223593d9",
        "type": "github"
      },
      "original": {
        "owner": "NewDawn0",
        "repo": "rgpt",
        "type": "github"
      }
    },
    "root": {
      "inputs": {
        "dirStack": "dirStack",
        "gen": "gen",
        "nix-systems": "nix-systems",
        "nixie-clock": "nixie-clock",
        "nixpkgs": "nixpkgs",
        "note": "note",
        "notify": "notify",
        "rgpt": "rgpt",
        "rust-overlay": "rust-overlay",
        "shell-utils": "shell-utils",
        "translate": "translate"
      }
    },
    "rust-overlay": {
      "inputs": {
        "flake-utils": "flake-utils",
        "nixpkgs": "nixpkgs_2"
      },
      "locked": {
        "lastModified": 1714529851,
        "narHash": "sha256-YMKJW880f7LHXVRzu93xa6Ek+QLECIu0IRQbXbzZe38=",
        "owner": "oxalica",
        "repo": "rust-overlay",
        "rev": "9ca720fdcf7865385ae3b93ecdf65f1a64cb475e",
        "type": "github"
      },
      "original": {
        "owner": "oxalica",
        "repo": "rust-overlay",
        "type": "github"
      }
    },
    "shell-utils": {
      "inputs": {
        "ansi": "ansi",
        "ex": "ex",
        "nix-systems": [
          "nix-systems"
        ],
        "nixpkgs": [
          "nixpkgs"
        ],
        "up": "up"
      },
      "locked": {
        "lastModified": 1714282170,
        "narHash": "sha256-K3ekDCxLpqSoICV3/UCz1ZNsL48m2ViTcB2juIafeIs=",
        "owner": "NewDawn0",
        "repo": "shell-utils",
        "rev": "cd49cff59d6290249b2fc11091b3d136c1927707",
        "type": "github"
      },
      "original": {
        "owner": "NewDawn0",
        "repo": "shell-utils",
        "type": "github"
      }
    },
    "systems": {
      "locked": {
        "lastModified": 1681028828,
        "narHash": "sha256-Vy1rq5AaRuLzOxct8nz4T6wlgyUR7zLU309k9mBC768=",
        "owner": "nix-systems",
        "repo": "default",
        "rev": "da67096a3b9bf56a91d16901293e51ba5b49a27e",
        "type": "github"
      },
      "original": {
        "owner": "nix-systems",
        "repo": "default",
        "type": "github"
      }
    },
    "translate": {
      "inputs": {
        "nix-systems": [
          "nix-systems"
        ],
        "nixpkgs": [
          "nixpkgs"
        ],
        "rust-overlay": [
          "rust-overlay"
        ]
      },
      "locked": {
        "lastModified": 1713996546,
        "narHash": "sha256-FCeTeaQe3z3pX+h7VHkTFoW/7IeTlGfapQao/RyrMuQ=",
        "owner": "NewDawn0",
        "repo": "tl",
        "rev": "b4d7a947b34d1da2385e6b108d072876c6ea18d8",
        "type": "github"
      },
      "original": {
        "owner": "NewDawn0",
        "repo": "tl",
        "type": "github"
      }
    },
    "up": {
      "inputs": {
        "nix-systems": [
          "shell-utils",
          "nix-systems"
        ],
        "nixpkgs": [
          "shell-utils",
          "nixpkgs"
        ]
      },
      "locked": {
        "lastModified": 1,
        "narHash": "sha256-Tvf/8LN2Gu/YXwDNHn3SaSu40A3ChqJiQwf3PfvYlr4=",
        "path": "./up",
        "type": "path"
      },
      "original": {
        "path": "./up",
        "type": "path"
      }
    }
  },
  "root": "root",
  "version": 7
}
