{
  "nodes": {
    "nixpkgs": {
      "locked": {
        "lastModified": 1713861612,
        "narHash": "sha256-LKuLqAbgxotr4ROH7V/rXYw55xsMbIljRgx8WXweJy0=",
        "owner": "nixos",
        "repo": "nixpkgs",
        "rev": "c6d4afecd024e0b4162d37970caa16bc5df52c47",
        "type": "github"
      },
      "original": {
        "owner": "nixos",
        "repo": "nixpkgs",
        "type": "github"
      }
    },
    "root": {
      "inputs": {
        "nixpkgs": "nixpkgs"
      }
    }
  },
  "root": "root",
  "version": 7
}
