{
  "nodes": {
    "nixpkgs": {
      "locked": {
        "lastModified": 1712794296,
        "narHash": "sha256-TiBGXiFZ24x30LYvV+SbqfdkeQxeJK9Fxtx7dDmlJEI=",
        "owner": "nixos",
        "repo": "nixpkgs",
        "rev": "34d3520673acbc81d5cb4fa1c878dd8ed275502b",
        "type": "github"
      },
      "original": {
        "owner": "nixos",
        "repo": "nixpkgs",
        "type": "github"
      }
    },
    "root": {
      "inputs": {
        "nixpkgs": "nixpkgs"
      }
    }
  },
  "root": "root",
  "version": 7
}
