{
  "nodes": {
    "nixpkgs": {
      "locked": {
        "lastModified": 1713995654,
        "narHash": "sha256-S+4C0H9w7H9tSv1RviD/otsTmf1ECuxJMJ/j1t9gjPE=",
        "owner": "nixos",
        "repo": "nixpkgs",
        "rev": "ce6da85c2dc9e659bef799c2ed053771e1bb8ee3",
        "type": "github"
      },
      "original": {
        "owner": "nixos",
        "repo": "nixpkgs",
        "type": "github"
      }
    },
    "root": {
      "inputs": {
        "nixpkgs": "nixpkgs"
      }
    }
  },
  "root": "root",
  "version": 7
}
