{
  "nodes": {
    "nixpkgs": {
      "locked": {
        "lastModified": 1713456138,
        "narHash": "sha256-zS3l7mtQPlthujfbb9jMUt2krF5osBBpH9IgmJvqqMc=",
        "owner": "nixos",
        "repo": "nixpkgs",
        "rev": "3e1911632d7c424146dc14d4cb939a6a91336040",
        "type": "github"
      },
      "original": {
        "owner": "nixos",
        "repo": "nixpkgs",
        "type": "github"
      }
    },
    "root": {
      "inputs": {
        "nixpkgs": "nixpkgs"
      }
    }
  },
  "root": "root",
  "version": 7
}
