{
  "nodes": {
    "nixpkgs": {
      "locked": {
        "lastModified": 1713498107,
        "narHash": "sha256-xKlaM811x8ZDDBtAlHBXFV4a5K9hhsQepzl34A1Ek7M=",
        "owner": "nixos",
        "repo": "nixpkgs",
        "rev": "91fc0f791720702edcc9d72d020332c5b5aa8dca",
        "type": "github"
      },
      "original": {
        "owner": "nixos",
        "repo": "nixpkgs",
        "type": "github"
      }
    },
    "root": {
      "inputs": {
        "nixpkgs": "nixpkgs"
      }
    }
  },
  "root": "root",
  "version": 7
}
