{
  "nodes": {
    "nixpkgs": {
      "locked": {
        "lastModified": 1714601396,
        "narHash": "sha256-NIoYkSroPu3c8o5ZF1CtTD6zGuFmCC2SaZDGYPseAWQ=",
        "owner": "nixos",
        "repo": "nixpkgs",
        "rev": "8937b370727c9f8030a66449ab3ad0f9b5309069",
        "type": "github"
      },
      "original": {
        "owner": "nixos",
        "repo": "nixpkgs",
        "type": "github"
      }
    },
    "root": {
      "inputs": {
        "nixpkgs": "nixpkgs"
      }
    }
  },
  "root": "root",
  "version": 7
}
